// !$*UTF8*$!
{
	archiveVersion = 1;
	classes = {
	};
	objectVersion = 50;
	objects = {

/* Begin PBXBuildFile section */
		73090D9425CCF73D00BAFC44 /* AppDelegate.swift in Sources */ = {isa = PBXBuildFile; fileRef = 73090D9325CCF73D00BAFC44 /* AppDelegate.swift */; };
		73090D9625CCF73D00BAFC44 /* SceneDelegate.swift in Sources */ = {isa = PBXBuildFile; fileRef = 73090D9525CCF73D00BAFC44 /* SceneDelegate.swift */; };
		73090D9B25CCF73D00BAFC44 /* Main.storyboard in Resources */ = {isa = PBXBuildFile; fileRef = 73090D9925CCF73D00BAFC44 /* Main.storyboard */; };
		73090D9E25CCF73D00BAFC44 /* PediCalc.xcdatamodeld in Sources */ = {isa = PBXBuildFile; fileRef = 73090D9C25CCF73D00BAFC44 /* PediCalc.xcdatamodeld */; };
		73090DA025CCF73E00BAFC44 /* Assets.xcassets in Resources */ = {isa = PBXBuildFile; fileRef = 73090D9F25CCF73E00BAFC44 /* Assets.xcassets */; };
		73090DA325CCF73E00BAFC44 /* LaunchScreen.storyboard in Resources */ = {isa = PBXBuildFile; fileRef = 73090DA125CCF73E00BAFC44 /* LaunchScreen.storyboard */; };
		73090DB925CCF73E00BAFC44 /* PediCalcUITests.swift in Sources */ = {isa = PBXBuildFile; fileRef = 73090DB825CCF73E00BAFC44 /* PediCalcUITests.swift */; };
		73090DCA25CCF7A100BAFC44 /* .swiftlint.yml in Resources */ = {isa = PBXBuildFile; fileRef = 73090DC925CCF7A100BAFC44 /* .swiftlint.yml */; };
		731BEDBE25DD5B4900526282 /* JsonParserTests.swift in Sources */ = {isa = PBXBuildFile; fileRef = 731BEDBD25DD5B4900526282 /* JsonParserTests.swift */; };
		731BEDC325DD5C2A00526282 /* CoreDataManagerTests.swift in Sources */ = {isa = PBXBuildFile; fileRef = 731BEDC225DD5C2A00526282 /* CoreDataManagerTests.swift */; };
		731BEDC825DD621F00526282 /* CalculatorViewModelTests.swift in Sources */ = {isa = PBXBuildFile; fileRef = 731BEDC725DD621F00526282 /* CalculatorViewModelTests.swift */; };
		733D85CF25D2BCCC00F4B420 /* MedicinesTableViewCell.swift in Sources */ = {isa = PBXBuildFile; fileRef = 733D85CE25D2BCCC00F4B420 /* MedicinesTableViewCell.swift */; };
		733D85D425D2C8B400F4B420 /* MedicineCellView.swift in Sources */ = {isa = PBXBuildFile; fileRef = 733D85D325D2C8B400F4B420 /* MedicineCellView.swift */; };
		737951BA25DD5B13001B1C12 /* PediCalcTests.swift in Sources */ = {isa = PBXBuildFile; fileRef = 737951B925DD5B13001B1C12 /* PediCalcTests.swift */; };
		7384F5C325CE2A6400BEEE16 /* CardColletionViewCell.swift in Sources */ = {isa = PBXBuildFile; fileRef = 7384F5C225CE2A6400BEEE16 /* CardColletionViewCell.swift */; };
		7384F5D025CE328700BEEE16 /* CustomFlowLayout.swift in Sources */ = {isa = PBXBuildFile; fileRef = 7384F5CF25CE328700BEEE16 /* CustomFlowLayout.swift */; };
		73962A4D25CD70550087603A /* CalculatorsViewController.swift in Sources */ = {isa = PBXBuildFile; fileRef = 73962A4C25CD70550087603A /* CalculatorsViewController.swift */; };
		73962A6625CD75C90087603A /* TabBarViewController.swift in Sources */ = {isa = PBXBuildFile; fileRef = 73962A6525CD75C90087603A /* TabBarViewController.swift */; };
		73962A6B25CD76110087603A /* MedicinesViewController.swift in Sources */ = {isa = PBXBuildFile; fileRef = 73962A6A25CD76110087603A /* MedicinesViewController.swift */; };
		73962A7925CD7E2F0087603A /* CalculatorsCollectionView.swift in Sources */ = {isa = PBXBuildFile; fileRef = 73962A7825CD7E2F0087603A /* CalculatorsCollectionView.swift */; };
		73962A8925CD93910087603A /* CalculatorsViewModel.swift in Sources */ = {isa = PBXBuildFile; fileRef = 73962A8825CD93910087603A /* CalculatorsViewModel.swift */; };
		7396DAA625D415DE00E4D7D0 /* BodySurfaceView.swift in Sources */ = {isa = PBXBuildFile; fileRef = 7396DAA525D415DE00E4D7D0 /* BodySurfaceView.swift */; };
		7396DAB025D489D500E4D7D0 /* BodySurfaceModel.swift in Sources */ = {isa = PBXBuildFile; fileRef = 7396DAAF25D489D500E4D7D0 /* BodySurfaceModel.swift */; };
		73A29F5225D601E80074750F /* Medicines.json in Resources */ = {isa = PBXBuildFile; fileRef = 73A29F5125D601E80074750F /* Medicines.json */; };
		73A29F5725D60A3E0074750F /* JsonParser.swift in Sources */ = {isa = PBXBuildFile; fileRef = 73A29F5625D60A3E0074750F /* JsonParser.swift */; };
		73A29F5F25D60C670074750F /* JsonModels.swift in Sources */ = {isa = PBXBuildFile; fileRef = 73A29F5E25D60C670074750F /* JsonModels.swift */; };
		73A29F6625D61DAE0074750F /* CoreDataMenager.swift in Sources */ = {isa = PBXBuildFile; fileRef = 73A29F6525D61DAE0074750F /* CoreDataMenager.swift */; };
		73A29F8525D620FA0074750F /* Medicine+CoreDataClass.swift in Sources */ = {isa = PBXBuildFile; fileRef = 73A29F8325D620FA0074750F /* Medicine+CoreDataClass.swift */; };
		73A29F8625D620FA0074750F /* Medicine+CoreDataProperties.swift in Sources */ = {isa = PBXBuildFile; fileRef = 73A29F8425D620FA0074750F /* Medicine+CoreDataProperties.swift */; };
		73A29F9125D631A20074750F /* MedicineDescriptionViewController.swift in Sources */ = {isa = PBXBuildFile; fileRef = 73A29F9025D631A20074750F /* MedicineDescriptionViewController.swift */; };
		73A29F9625D634190074750F /* MedicineDescriptionView.swift in Sources */ = {isa = PBXBuildFile; fileRef = 73A29F9525D634190074750F /* MedicineDescriptionView.swift */; };
		73AA86DA25D2117400621935 /* MedicinesView.swift in Sources */ = {isa = PBXBuildFile; fileRef = 73AA86D925D2117400621935 /* MedicinesView.swift */; };
/* End PBXBuildFile section */

/* Begin PBXContainerItemProxy section */
		73090DB525CCF73E00BAFC44 /* PBXContainerItemProxy */ = {
			isa = PBXContainerItemProxy;
			containerPortal = 73090D8825CCF73D00BAFC44 /* Project object */;
			proxyType = 1;
			remoteGlobalIDString = 73090D8F25CCF73D00BAFC44;
			remoteInfo = PediCalc;
		};
		737951BC25DD5B13001B1C12 /* PBXContainerItemProxy */ = {
			isa = PBXContainerItemProxy;
			containerPortal = 73090D8825CCF73D00BAFC44 /* Project object */;
			proxyType = 1;
			remoteGlobalIDString = 73090D8F25CCF73D00BAFC44;
			remoteInfo = PediCalc;
		};
/* End PBXContainerItemProxy section */

/* Begin PBXFileReference section */
		73090D9025CCF73D00BAFC44 /* PediCalc.app */ = {isa = PBXFileReference; explicitFileType = wrapper.application; includeInIndex = 0; path = PediCalc.app; sourceTree = BUILT_PRODUCTS_DIR; };
		73090D9325CCF73D00BAFC44 /* AppDelegate.swift */ = {isa = PBXFileReference; lastKnownFileType = sourcecode.swift; path = AppDelegate.swift; sourceTree = "<group>"; };
		73090D9525CCF73D00BAFC44 /* SceneDelegate.swift */ = {isa = PBXFileReference; lastKnownFileType = sourcecode.swift; path = SceneDelegate.swift; sourceTree = "<group>"; };
		73090D9A25CCF73D00BAFC44 /* Base */ = {isa = PBXFileReference; lastKnownFileType = file.storyboard; name = Base; path = Base.lproj/Main.storyboard; sourceTree = "<group>"; };
		73090D9D25CCF73D00BAFC44 /* PediCalc.xcdatamodel */ = {isa = PBXFileReference; lastKnownFileType = wrapper.xcdatamodel; path = PediCalc.xcdatamodel; sourceTree = "<group>"; };
		73090D9F25CCF73E00BAFC44 /* Assets.xcassets */ = {isa = PBXFileReference; lastKnownFileType = folder.assetcatalog; path = Assets.xcassets; sourceTree = "<group>"; };
		73090DA225CCF73E00BAFC44 /* Base */ = {isa = PBXFileReference; lastKnownFileType = file.storyboard; name = Base; path = Base.lproj/LaunchScreen.storyboard; sourceTree = "<group>"; };
		73090DA425CCF73E00BAFC44 /* Info.plist */ = {isa = PBXFileReference; lastKnownFileType = text.plist.xml; path = Info.plist; sourceTree = "<group>"; };
		73090DB425CCF73E00BAFC44 /* PediCalcUITests.xctest */ = {isa = PBXFileReference; explicitFileType = wrapper.cfbundle; includeInIndex = 0; path = PediCalcUITests.xctest; sourceTree = BUILT_PRODUCTS_DIR; };
		73090DB825CCF73E00BAFC44 /* PediCalcUITests.swift */ = {isa = PBXFileReference; lastKnownFileType = sourcecode.swift; path = PediCalcUITests.swift; sourceTree = "<group>"; };
		73090DBA25CCF73E00BAFC44 /* Info.plist */ = {isa = PBXFileReference; lastKnownFileType = text.plist.xml; path = Info.plist; sourceTree = "<group>"; };
		73090DC925CCF7A100BAFC44 /* .swiftlint.yml */ = {isa = PBXFileReference; lastKnownFileType = text.yaml; path = .swiftlint.yml; sourceTree = "<group>"; };
		731BEDBD25DD5B4900526282 /* JsonParserTests.swift */ = {isa = PBXFileReference; lastKnownFileType = sourcecode.swift; path = JsonParserTests.swift; sourceTree = "<group>"; };
		731BEDC225DD5C2A00526282 /* CoreDataManagerTests.swift */ = {isa = PBXFileReference; lastKnownFileType = sourcecode.swift; path = CoreDataManagerTests.swift; sourceTree = "<group>"; };
		731BEDC725DD621F00526282 /* CalculatorViewModelTests.swift */ = {isa = PBXFileReference; lastKnownFileType = sourcecode.swift; path = CalculatorViewModelTests.swift; sourceTree = "<group>"; };
		733D85CE25D2BCCC00F4B420 /* MedicinesTableViewCell.swift */ = {isa = PBXFileReference; lastKnownFileType = sourcecode.swift; path = MedicinesTableViewCell.swift; sourceTree = "<group>"; };
		733D85D325D2C8B400F4B420 /* MedicineCellView.swift */ = {isa = PBXFileReference; lastKnownFileType = sourcecode.swift; path = MedicineCellView.swift; sourceTree = "<group>"; };
		737951B725DD5B13001B1C12 /* PediCalcTests.xctest */ = {isa = PBXFileReference; explicitFileType = wrapper.cfbundle; includeInIndex = 0; path = PediCalcTests.xctest; sourceTree = BUILT_PRODUCTS_DIR; };
		737951B925DD5B13001B1C12 /* PediCalcTests.swift */ = {isa = PBXFileReference; lastKnownFileType = sourcecode.swift; path = PediCalcTests.swift; sourceTree = "<group>"; };
		737951BB25DD5B13001B1C12 /* Info.plist */ = {isa = PBXFileReference; lastKnownFileType = text.plist.xml; path = Info.plist; sourceTree = "<group>"; };
		7384F5C225CE2A6400BEEE16 /* CardColletionViewCell.swift */ = {isa = PBXFileReference; lastKnownFileType = sourcecode.swift; path = CardColletionViewCell.swift; sourceTree = "<group>"; };
		7384F5CF25CE328700BEEE16 /* CustomFlowLayout.swift */ = {isa = PBXFileReference; lastKnownFileType = sourcecode.swift; path = CustomFlowLayout.swift; sourceTree = "<group>"; };
		73962A4C25CD70550087603A /* CalculatorsViewController.swift */ = {isa = PBXFileReference; lastKnownFileType = sourcecode.swift; path = CalculatorsViewController.swift; sourceTree = "<group>"; };
		73962A6525CD75C90087603A /* TabBarViewController.swift */ = {isa = PBXFileReference; lastKnownFileType = sourcecode.swift; path = TabBarViewController.swift; sourceTree = "<group>"; };
		73962A6A25CD76110087603A /* MedicinesViewController.swift */ = {isa = PBXFileReference; lastKnownFileType = sourcecode.swift; path = MedicinesViewController.swift; sourceTree = "<group>"; };
		73962A7825CD7E2F0087603A /* CalculatorsCollectionView.swift */ = {isa = PBXFileReference; lastKnownFileType = sourcecode.swift; path = CalculatorsCollectionView.swift; sourceTree = "<group>"; };
		73962A8825CD93910087603A /* CalculatorsViewModel.swift */ = {isa = PBXFileReference; lastKnownFileType = sourcecode.swift; path = CalculatorsViewModel.swift; sourceTree = "<group>"; };
		7396DAA525D415DE00E4D7D0 /* BodySurfaceView.swift */ = {isa = PBXFileReference; lastKnownFileType = sourcecode.swift; path = BodySurfaceView.swift; sourceTree = "<group>"; };
		7396DAAF25D489D500E4D7D0 /* BodySurfaceModel.swift */ = {isa = PBXFileReference; lastKnownFileType = sourcecode.swift; path = BodySurfaceModel.swift; sourceTree = "<group>"; };
		73A29F5125D601E80074750F /* Medicines.json */ = {isa = PBXFileReference; lastKnownFileType = text.json; path = Medicines.json; sourceTree = "<group>"; };
		73A29F5625D60A3E0074750F /* JsonParser.swift */ = {isa = PBXFileReference; lastKnownFileType = sourcecode.swift; path = JsonParser.swift; sourceTree = "<group>"; };
		73A29F5E25D60C670074750F /* JsonModels.swift */ = {isa = PBXFileReference; lastKnownFileType = sourcecode.swift; path = JsonModels.swift; sourceTree = "<group>"; };
		73A29F6525D61DAE0074750F /* CoreDataMenager.swift */ = {isa = PBXFileReference; lastKnownFileType = sourcecode.swift; path = CoreDataMenager.swift; sourceTree = "<group>"; };
		73A29F8325D620FA0074750F /* Medicine+CoreDataClass.swift */ = {isa = PBXFileReference; lastKnownFileType = sourcecode.swift; path = "Medicine+CoreDataClass.swift"; sourceTree = "<group>"; };
		73A29F8425D620FA0074750F /* Medicine+CoreDataProperties.swift */ = {isa = PBXFileReference; lastKnownFileType = sourcecode.swift; path = "Medicine+CoreDataProperties.swift"; sourceTree = "<group>"; };
		73A29F9025D631A20074750F /* MedicineDescriptionViewController.swift */ = {isa = PBXFileReference; lastKnownFileType = sourcecode.swift; path = MedicineDescriptionViewController.swift; sourceTree = "<group>"; };
		73A29F9525D634190074750F /* MedicineDescriptionView.swift */ = {isa = PBXFileReference; lastKnownFileType = sourcecode.swift; path = MedicineDescriptionView.swift; sourceTree = "<group>"; };
		73AA86D925D2117400621935 /* MedicinesView.swift */ = {isa = PBXFileReference; lastKnownFileType = sourcecode.swift; path = MedicinesView.swift; sourceTree = "<group>"; };
/* End PBXFileReference section */

/* Begin PBXFrameworksBuildPhase section */
		73090D8D25CCF73D00BAFC44 /* Frameworks */ = {
			isa = PBXFrameworksBuildPhase;
			buildActionMask = 2147483647;
			files = (
			);
			runOnlyForDeploymentPostprocessing = 0;
		};
		73090DB125CCF73E00BAFC44 /* Frameworks */ = {
			isa = PBXFrameworksBuildPhase;
			buildActionMask = 2147483647;
			files = (
			);
			runOnlyForDeploymentPostprocessing = 0;
		};
		737951B425DD5B13001B1C12 /* Frameworks */ = {
			isa = PBXFrameworksBuildPhase;
			buildActionMask = 2147483647;
			files = (
			);
			runOnlyForDeploymentPostprocessing = 0;
		};
/* End PBXFrameworksBuildPhase section */

/* Begin PBXGroup section */
		73090D8725CCF73D00BAFC44 = {
			isa = PBXGroup;
			children = (
				73090DC925CCF7A100BAFC44 /* .swiftlint.yml */,
				73090D9225CCF73D00BAFC44 /* PediCalc */,
				73090DB725CCF73E00BAFC44 /* PediCalcUITests */,
				737951B825DD5B13001B1C12 /* PediCalcTests */,
				73090D9125CCF73D00BAFC44 /* Products */,
			);
			sourceTree = "<group>";
		};
		73090D9125CCF73D00BAFC44 /* Products */ = {
			isa = PBXGroup;
			children = (
				73090D9025CCF73D00BAFC44 /* PediCalc.app */,
				73090DB425CCF73E00BAFC44 /* PediCalcUITests.xctest */,
				737951B725DD5B13001B1C12 /* PediCalcTests.xctest */,
			);
			name = Products;
			sourceTree = "<group>";
		};
		73090D9225CCF73D00BAFC44 /* PediCalc */ = {
			isa = PBXGroup;
			children = (
				7396DAAE25D489BC00E4D7D0 /* Model */,
				73962A5425CD715E0087603A /* ViewModels */,
				73962A5525CD71780087603A /* Views */,
				73962A4B25CD70340087603A /* ViewControllers */,
				73D344E425CD6D650000399D /* Commun */,
				73090D9925CCF73D00BAFC44 /* Main.storyboard */,
				73090D9F25CCF73E00BAFC44 /* Assets.xcassets */,
				73090DA125CCF73E00BAFC44 /* LaunchScreen.storyboard */,
				73090DA425CCF73E00BAFC44 /* Info.plist */,
				73090D9C25CCF73D00BAFC44 /* PediCalc.xcdatamodeld */,
			);
			path = PediCalc;
			sourceTree = "<group>";
		};
		73090DB725CCF73E00BAFC44 /* PediCalcUITests */ = {
			isa = PBXGroup;
			children = (
				73090DB825CCF73E00BAFC44 /* PediCalcUITests.swift */,
				73090DBA25CCF73E00BAFC44 /* Info.plist */,
			);
			path = PediCalcUITests;
			sourceTree = "<group>";
		};
		737951B825DD5B13001B1C12 /* PediCalcTests */ = {
			isa = PBXGroup;
			children = (
				737951B925DD5B13001B1C12 /* PediCalcTests.swift */,
				737951BB25DD5B13001B1C12 /* Info.plist */,
				731BEDBD25DD5B4900526282 /* JsonParserTests.swift */,
				731BEDC225DD5C2A00526282 /* CoreDataManagerTests.swift */,
				731BEDC725DD621F00526282 /* CalculatorViewModelTests.swift */,
			);
			path = PediCalcTests;
			sourceTree = "<group>";
		};
		73962A4B25CD70340087603A /* ViewControllers */ = {
			isa = PBXGroup;
			children = (
				73962A4C25CD70550087603A /* CalculatorsViewController.swift */,
				73962A6525CD75C90087603A /* TabBarViewController.swift */,
				73962A6A25CD76110087603A /* MedicinesViewController.swift */,
				73A29F9025D631A20074750F /* MedicineDescriptionViewController.swift */,
			);
			path = ViewControllers;
			sourceTree = "<group>";
		};
		73962A5425CD715E0087603A /* ViewModels */ = {
			isa = PBXGroup;
			children = (
				73962A8825CD93910087603A /* CalculatorsViewModel.swift */,
			);
			path = ViewModels;
			sourceTree = "<group>";
		};
		73962A5525CD71780087603A /* Views */ = {
			isa = PBXGroup;
			children = (
				7396DAA425D4159A00E4D7D0 /* Medicines */,
				73AA86D825D2115000621935 /* Calculators */,
			);
			path = Views;
			sourceTree = "<group>";
		};
		7396DAA425D4159A00E4D7D0 /* Medicines */ = {
			isa = PBXGroup;
			children = (
				73AA86D925D2117400621935 /* MedicinesView.swift */,
				733D85CE25D2BCCC00F4B420 /* MedicinesTableViewCell.swift */,
				733D85D325D2C8B400F4B420 /* MedicineCellView.swift */,
				73A29F9525D634190074750F /* MedicineDescriptionView.swift */,
			);
			path = Medicines;
			sourceTree = "<group>";
		};
		7396DAAD25D489A700E4D7D0 /* CalcViews */ = {
			isa = PBXGroup;
			children = (
				7396DAA525D415DE00E4D7D0 /* BodySurfaceView.swift */,
			);
			path = CalcViews;
			sourceTree = "<group>";
		};
		7396DAAE25D489BC00E4D7D0 /* Model */ = {
			isa = PBXGroup;
			children = (
				73A29F6425D61D9A0074750F /* CoreData */,
				73A29F6325D61D8C0074750F /* Json */,
				7396DAAF25D489D500E4D7D0 /* BodySurfaceModel.swift */,
			);
			path = Model;
			sourceTree = "<group>";
		};
		73A29F6325D61D8C0074750F /* Json */ = {
			isa = PBXGroup;
			children = (
				73A29F5125D601E80074750F /* Medicines.json */,
				73A29F5625D60A3E0074750F /* JsonParser.swift */,
				73A29F5E25D60C670074750F /* JsonModels.swift */,
			);
			path = Json;
			sourceTree = "<group>";
		};
		73A29F6425D61D9A0074750F /* CoreData */ = {
			isa = PBXGroup;
			children = (
				73A29F8325D620FA0074750F /* Medicine+CoreDataClass.swift */,
				73A29F8425D620FA0074750F /* Medicine+CoreDataProperties.swift */,
				73A29F6525D61DAE0074750F /* CoreDataMenager.swift */,
			);
			path = CoreData;
			sourceTree = "<group>";
		};
		73AA86D825D2115000621935 /* Calculators */ = {
			isa = PBXGroup;
			children = (
				7396DAAD25D489A700E4D7D0 /* CalcViews */,
				73962A7825CD7E2F0087603A /* CalculatorsCollectionView.swift */,
				7384F5C225CE2A6400BEEE16 /* CardColletionViewCell.swift */,
				7384F5CF25CE328700BEEE16 /* CustomFlowLayout.swift */,
			);
			path = Calculators;
			sourceTree = "<group>";
		};
		73D344E425CD6D650000399D /* Commun */ = {
			isa = PBXGroup;
			children = (
				73090D9325CCF73D00BAFC44 /* AppDelegate.swift */,
				73090D9525CCF73D00BAFC44 /* SceneDelegate.swift */,
			);
			path = Commun;
			sourceTree = "<group>";
		};
/* End PBXGroup section */

/* Begin PBXNativeTarget section */
		73090D8F25CCF73D00BAFC44 /* PediCalc */ = {
			isa = PBXNativeTarget;
			buildConfigurationList = 73090DBD25CCF73E00BAFC44 /* Build configuration list for PBXNativeTarget "PediCalc" */;
			buildPhases = (
				73090D8C25CCF73D00BAFC44 /* Sources */,
				73090D8D25CCF73D00BAFC44 /* Frameworks */,
				73090D8E25CCF73D00BAFC44 /* Resources */,
				73090DCE25CCF7B100BAFC44 /* ShellScript */,
			);
			buildRules = (
			);
			dependencies = (
			);
			name = PediCalc;
			productName = PediCalc;
			productReference = 73090D9025CCF73D00BAFC44 /* PediCalc.app */;
			productType = "com.apple.product-type.application";
		};
		73090DB325CCF73E00BAFC44 /* PediCalcUITests */ = {
			isa = PBXNativeTarget;
			buildConfigurationList = 73090DC325CCF73E00BAFC44 /* Build configuration list for PBXNativeTarget "PediCalcUITests" */;
			buildPhases = (
				73090DB025CCF73E00BAFC44 /* Sources */,
				73090DB125CCF73E00BAFC44 /* Frameworks */,
				73090DB225CCF73E00BAFC44 /* Resources */,
			);
			buildRules = (
			);
			dependencies = (
				73090DB625CCF73E00BAFC44 /* PBXTargetDependency */,
			);
			name = PediCalcUITests;
			productName = PediCalcUITests;
			productReference = 73090DB425CCF73E00BAFC44 /* PediCalcUITests.xctest */;
			productType = "com.apple.product-type.bundle.ui-testing";
		};
		737951B625DD5B13001B1C12 /* PediCalcTests */ = {
			isa = PBXNativeTarget;
			buildConfigurationList = 737951BE25DD5B13001B1C12 /* Build configuration list for PBXNativeTarget "PediCalcTests" */;
			buildPhases = (
				737951B325DD5B13001B1C12 /* Sources */,
				737951B425DD5B13001B1C12 /* Frameworks */,
				737951B525DD5B13001B1C12 /* Resources */,
			);
			buildRules = (
			);
			dependencies = (
				737951BD25DD5B13001B1C12 /* PBXTargetDependency */,
			);
			name = PediCalcTests;
			productName = PediCalcTests;
			productReference = 737951B725DD5B13001B1C12 /* PediCalcTests.xctest */;
			productType = "com.apple.product-type.bundle.unit-test";
		};
/* End PBXNativeTarget section */

/* Begin PBXProject section */
		73090D8825CCF73D00BAFC44 /* Project object */ = {
			isa = PBXProject;
			attributes = {
				LastSwiftUpdateCheck = 1240;
				LastUpgradeCheck = 1240;
				TargetAttributes = {
					73090D8F25CCF73D00BAFC44 = {
						CreatedOnToolsVersion = 12.4;
					};
					73090DB325CCF73E00BAFC44 = {
						CreatedOnToolsVersion = 12.4;
						TestTargetID = 73090D8F25CCF73D00BAFC44;
					};
					737951B625DD5B13001B1C12 = {
						CreatedOnToolsVersion = 12.4;
						TestTargetID = 73090D8F25CCF73D00BAFC44;
					};
				};
			};
			buildConfigurationList = 73090D8B25CCF73D00BAFC44 /* Build configuration list for PBXProject "PediCalc" */;
			compatibilityVersion = "Xcode 9.3";
			developmentRegion = en;
			hasScannedForEncodings = 0;
			knownRegions = (
				en,
				Base,
			);
			mainGroup = 73090D8725CCF73D00BAFC44;
			productRefGroup = 73090D9125CCF73D00BAFC44 /* Products */;
			projectDirPath = "";
			projectRoot = "";
			targets = (
				73090D8F25CCF73D00BAFC44 /* PediCalc */,
				73090DB325CCF73E00BAFC44 /* PediCalcUITests */,
				737951B625DD5B13001B1C12 /* PediCalcTests */,
			);
		};
/* End PBXProject section */

/* Begin PBXResourcesBuildPhase section */
		73090D8E25CCF73D00BAFC44 /* Resources */ = {
			isa = PBXResourcesBuildPhase;
			buildActionMask = 2147483647;
			files = (
				73090DCA25CCF7A100BAFC44 /* .swiftlint.yml in Resources */,
				73090DA325CCF73E00BAFC44 /* LaunchScreen.storyboard in Resources */,
				73A29F5225D601E80074750F /* Medicines.json in Resources */,
				73090DA025CCF73E00BAFC44 /* Assets.xcassets in Resources */,
				73090D9B25CCF73D00BAFC44 /* Main.storyboard in Resources */,
			);
			runOnlyForDeploymentPostprocessing = 0;
		};
		73090DB225CCF73E00BAFC44 /* Resources */ = {
			isa = PBXResourcesBuildPhase;
			buildActionMask = 2147483647;
			files = (
			);
			runOnlyForDeploymentPostprocessing = 0;
		};
		737951B525DD5B13001B1C12 /* Resources */ = {
			isa = PBXResourcesBuildPhase;
			buildActionMask = 2147483647;
			files = (
			);
			runOnlyForDeploymentPostprocessing = 0;
		};
/* End PBXResourcesBuildPhase section */

/* Begin PBXShellScriptBuildPhase section */
		73090DCE25CCF7B100BAFC44 /* ShellScript */ = {
			isa = PBXShellScriptBuildPhase;
			buildActionMask = 2147483647;
			files = (
			);
			inputFileListPaths = (
			);
			inputPaths = (
			);
			outputFileListPaths = (
			);
			outputPaths = (
			);
			runOnlyForDeploymentPostprocessing = 0;
			shellPath = /bin/sh;
			shellScript = "
";
		};
/* End PBXShellScriptBuildPhase section */

/* Begin PBXSourcesBuildPhase section */
		73090D8C25CCF73D00BAFC44 /* Sources */ = {
			isa = PBXSourcesBuildPhase;
			buildActionMask = 2147483647;
			files = (
				73962A6B25CD76110087603A /* MedicinesViewController.swift in Sources */,
				73A29F9625D634190074750F /* MedicineDescriptionView.swift in Sources */,
				73A29F5F25D60C670074750F /* JsonModels.swift in Sources */,
				73962A6625CD75C90087603A /* TabBarViewController.swift in Sources */,
				73A29F5725D60A3E0074750F /* JsonParser.swift in Sources */,
				73A29F6625D61DAE0074750F /* CoreDataMenager.swift in Sources */,
				73090D9425CCF73D00BAFC44 /* AppDelegate.swift in Sources */,
				73A29F9125D631A20074750F /* MedicineDescriptionViewController.swift in Sources */,
				733D85CF25D2BCCC00F4B420 /* MedicinesTableViewCell.swift in Sources */,
				73A29F8625D620FA0074750F /* Medicine+CoreDataProperties.swift in Sources */,
				73AA86DA25D2117400621935 /* MedicinesView.swift in Sources */,
				73090D9E25CCF73D00BAFC44 /* PediCalc.xcdatamodeld in Sources */,
				73962A4D25CD70550087603A /* CalculatorsViewController.swift in Sources */,
				7384F5C325CE2A6400BEEE16 /* CardColletionViewCell.swift in Sources */,
				73090D9625CCF73D00BAFC44 /* SceneDelegate.swift in Sources */,
				7396DAA625D415DE00E4D7D0 /* BodySurfaceView.swift in Sources */,
				73962A8925CD93910087603A /* CalculatorsViewModel.swift in Sources */,
				7384F5D025CE328700BEEE16 /* CustomFlowLayout.swift in Sources */,
				733D85D425D2C8B400F4B420 /* MedicineCellView.swift in Sources */,
				73962A7925CD7E2F0087603A /* CalculatorsCollectionView.swift in Sources */,
				7396DAB025D489D500E4D7D0 /* BodySurfaceModel.swift in Sources */,
				73A29F8525D620FA0074750F /* Medicine+CoreDataClass.swift in Sources */,
			);
			runOnlyForDeploymentPostprocessing = 0;
		};
		73090DB025CCF73E00BAFC44 /* Sources */ = {
			isa = PBXSourcesBuildPhase;
			buildActionMask = 2147483647;
			files = (
				73090DB925CCF73E00BAFC44 /* PediCalcUITests.swift in Sources */,
			);
			runOnlyForDeploymentPostprocessing = 0;
		};
		737951B325DD5B13001B1C12 /* Sources */ = {
			isa = PBXSourcesBuildPhase;
			buildActionMask = 2147483647;
			files = (
				731BEDBE25DD5B4900526282 /* JsonParserTests.swift in Sources */,
				731BEDC325DD5C2A00526282 /* CoreDataManagerTests.swift in Sources */,
				731BEDC825DD621F00526282 /* CalculatorViewModelTests.swift in Sources */,
				737951BA25DD5B13001B1C12 /* PediCalcTests.swift in Sources */,
			);
			runOnlyForDeploymentPostprocessing = 0;
		};
/* End PBXSourcesBuildPhase section */

/* Begin PBXTargetDependency section */
		73090DB625CCF73E00BAFC44 /* PBXTargetDependency */ = {
			isa = PBXTargetDependency;
			target = 73090D8F25CCF73D00BAFC44 /* PediCalc */;
			targetProxy = 73090DB525CCF73E00BAFC44 /* PBXContainerItemProxy */;
		};
		737951BD25DD5B13001B1C12 /* PBXTargetDependency */ = {
			isa = PBXTargetDependency;
			target = 73090D8F25CCF73D00BAFC44 /* PediCalc */;
			targetProxy = 737951BC25DD5B13001B1C12 /* PBXContainerItemProxy */;
		};
/* End PBXTargetDependency section */

/* Begin PBXVariantGroup section */
		73090D9925CCF73D00BAFC44 /* Main.storyboard */ = {
			isa = PBXVariantGroup;
			children = (
				73090D9A25CCF73D00BAFC44 /* Base */,
			);
			name = Main.storyboard;
			sourceTree = "<group>";
		};
		73090DA125CCF73E00BAFC44 /* LaunchScreen.storyboard */ = {
			isa = PBXVariantGroup;
			children = (
				73090DA225CCF73E00BAFC44 /* Base */,
			);
			name = LaunchScreen.storyboard;
			sourceTree = "<group>";
		};
/* End PBXVariantGroup section */

/* Begin XCBuildConfiguration section */
		73090DBB25CCF73E00BAFC44 /* Debug */ = {
			isa = XCBuildConfiguration;
			buildSettings = {
				ALWAYS_SEARCH_USER_PATHS = NO;
				CLANG_ANALYZER_NONNULL = YES;
				CLANG_ANALYZER_NUMBER_OBJECT_CONVERSION = YES_AGGRESSIVE;
				CLANG_CXX_LANGUAGE_STANDARD = "gnu++14";
				CLANG_CXX_LIBRARY = "libc++";
				CLANG_ENABLE_MODULES = YES;
				CLANG_ENABLE_OBJC_ARC = YES;
				CLANG_ENABLE_OBJC_WEAK = YES;
				CLANG_WARN_BLOCK_CAPTURE_AUTORELEASING = YES;
				CLANG_WARN_BOOL_CONVERSION = YES;
				CLANG_WARN_COMMA = YES;
				CLANG_WARN_CONSTANT_CONVERSION = YES;
				CLANG_WARN_DEPRECATED_OBJC_IMPLEMENTATIONS = YES;
				CLANG_WARN_DIRECT_OBJC_ISA_USAGE = YES_ERROR;
				CLANG_WARN_DOCUMENTATION_COMMENTS = YES;
				CLANG_WARN_EMPTY_BODY = YES;
				CLANG_WARN_ENUM_CONVERSION = YES;
				CLANG_WARN_INFINITE_RECURSION = YES;
				CLANG_WARN_INT_CONVERSION = YES;
				CLANG_WARN_NON_LITERAL_NULL_CONVERSION = YES;
				CLANG_WARN_OBJC_IMPLICIT_RETAIN_SELF = YES;
				CLANG_WARN_OBJC_LITERAL_CONVERSION = YES;
				CLANG_WARN_OBJC_ROOT_CLASS = YES_ERROR;
				CLANG_WARN_QUOTED_INCLUDE_IN_FRAMEWORK_HEADER = YES;
				CLANG_WARN_RANGE_LOOP_ANALYSIS = YES;
				CLANG_WARN_STRICT_PROTOTYPES = YES;
				CLANG_WARN_SUSPICIOUS_MOVE = YES;
				CLANG_WARN_UNGUARDED_AVAILABILITY = YES_AGGRESSIVE;
				CLANG_WARN_UNREACHABLE_CODE = YES;
				CLANG_WARN__DUPLICATE_METHOD_MATCH = YES;
				COPY_PHASE_STRIP = NO;
				DEBUG_INFORMATION_FORMAT = dwarf;
				ENABLE_STRICT_OBJC_MSGSEND = YES;
				ENABLE_TESTABILITY = YES;
				GCC_C_LANGUAGE_STANDARD = gnu11;
				GCC_DYNAMIC_NO_PIC = NO;
				GCC_NO_COMMON_BLOCKS = YES;
				GCC_OPTIMIZATION_LEVEL = 0;
				GCC_PREPROCESSOR_DEFINITIONS = (
					"DEBUG=1",
					"$(inherited)",
				);
				GCC_WARN_64_TO_32_BIT_CONVERSION = YES;
				GCC_WARN_ABOUT_RETURN_TYPE = YES_ERROR;
				GCC_WARN_UNDECLARED_SELECTOR = YES;
				GCC_WARN_UNINITIALIZED_AUTOS = YES_AGGRESSIVE;
				GCC_WARN_UNUSED_FUNCTION = YES;
				GCC_WARN_UNUSED_VARIABLE = YES;
				IPHONEOS_DEPLOYMENT_TARGET = 14.4;
				MTL_ENABLE_DEBUG_INFO = INCLUDE_SOURCE;
				MTL_FAST_MATH = YES;
				ONLY_ACTIVE_ARCH = YES;
				SDKROOT = iphoneos;
				SWIFT_ACTIVE_COMPILATION_CONDITIONS = DEBUG;
				SWIFT_OPTIMIZATION_LEVEL = "-Onone";
			};
			name = Debug;
		};
		73090DBC25CCF73E00BAFC44 /* Release */ = {
			isa = XCBuildConfiguration;
			buildSettings = {
				ALWAYS_SEARCH_USER_PATHS = NO;
				CLANG_ANALYZER_NONNULL = YES;
				CLANG_ANALYZER_NUMBER_OBJECT_CONVERSION = YES_AGGRESSIVE;
				CLANG_CXX_LANGUAGE_STANDARD = "gnu++14";
				CLANG_CXX_LIBRARY = "libc++";
				CLANG_ENABLE_MODULES = YES;
				CLANG_ENABLE_OBJC_ARC = YES;
				CLANG_ENABLE_OBJC_WEAK = YES;
				CLANG_WARN_BLOCK_CAPTURE_AUTORELEASING = YES;
				CLANG_WARN_BOOL_CONVERSION = YES;
				CLANG_WARN_COMMA = YES;
				CLANG_WARN_CONSTANT_CONVERSION = YES;
				CLANG_WARN_DEPRECATED_OBJC_IMPLEMENTATIONS = YES;
				CLANG_WARN_DIRECT_OBJC_ISA_USAGE = YES_ERROR;
				CLANG_WARN_DOCUMENTATION_COMMENTS = YES;
				CLANG_WARN_EMPTY_BODY = YES;
				CLANG_WARN_ENUM_CONVERSION = YES;
				CLANG_WARN_INFINITE_RECURSION = YES;
				CLANG_WARN_INT_CONVERSION = YES;
				CLANG_WARN_NON_LITERAL_NULL_CONVERSION = YES;
				CLANG_WARN_OBJC_IMPLICIT_RETAIN_SELF = YES;
				CLANG_WARN_OBJC_LITERAL_CONVERSION = YES;
				CLANG_WARN_OBJC_ROOT_CLASS = YES_ERROR;
				CLANG_WARN_QUOTED_INCLUDE_IN_FRAMEWORK_HEADER = YES;
				CLANG_WARN_RANGE_LOOP_ANALYSIS = YES;
				CLANG_WARN_STRICT_PROTOTYPES = YES;
				CLANG_WARN_SUSPICIOUS_MOVE = YES;
				CLANG_WARN_UNGUARDED_AVAILABILITY = YES_AGGRESSIVE;
				CLANG_WARN_UNREACHABLE_CODE = YES;
				CLANG_WARN__DUPLICATE_METHOD_MATCH = YES;
				COPY_PHASE_STRIP = NO;
				DEBUG_INFORMATION_FORMAT = "dwarf-with-dsym";
				ENABLE_NS_ASSERTIONS = NO;
				ENABLE_STRICT_OBJC_MSGSEND = YES;
				GCC_C_LANGUAGE_STANDARD = gnu11;
				GCC_NO_COMMON_BLOCKS = YES;
				GCC_WARN_64_TO_32_BIT_CONVERSION = YES;
				GCC_WARN_ABOUT_RETURN_TYPE = YES_ERROR;
				GCC_WARN_UNDECLARED_SELECTOR = YES;
				GCC_WARN_UNINITIALIZED_AUTOS = YES_AGGRESSIVE;
				GCC_WARN_UNUSED_FUNCTION = YES;
				GCC_WARN_UNUSED_VARIABLE = YES;
				IPHONEOS_DEPLOYMENT_TARGET = 14.4;
				MTL_ENABLE_DEBUG_INFO = NO;
				MTL_FAST_MATH = YES;
				SDKROOT = iphoneos;
				SWIFT_COMPILATION_MODE = wholemodule;
				SWIFT_OPTIMIZATION_LEVEL = "-O";
				VALIDATE_PRODUCT = YES;
			};
			name = Release;
		};
		73090DBE25CCF73E00BAFC44 /* Debug */ = {
			isa = XCBuildConfiguration;
			buildSettings = {
				ASSETCATALOG_COMPILER_APPICON_NAME = AppIcon;
				CODE_SIGN_STYLE = Automatic;
				CURRENT_PROJECT_VERSION = 1.1;
				DEVELOPMENT_TEAM = 38KM4K4A3R;
				INFOPLIST_FILE = PediCalc/Info.plist;
				LD_RUNPATH_SEARCH_PATHS = (
					"$(inherited)",
					"@executable_path/Frameworks",
				);
				MARKETING_VERSION = 1;
				PRODUCT_BUNDLE_IDENTIFIER = com.leo.gomes.PediCalc;
				PRODUCT_NAME = "$(TARGET_NAME)";
				SWIFT_VERSION = 5.0;
				TARGETED_DEVICE_FAMILY = 1;
			};
			name = Debug;
		};
		73090DBF25CCF73E00BAFC44 /* Release */ = {
			isa = XCBuildConfiguration;
			buildSettings = {
				ASSETCATALOG_COMPILER_APPICON_NAME = AppIcon;
				CODE_SIGN_STYLE = Automatic;
				CURRENT_PROJECT_VERSION = 1.1;
				DEVELOPMENT_TEAM = 38KM4K4A3R;
				INFOPLIST_FILE = PediCalc/Info.plist;
				LD_RUNPATH_SEARCH_PATHS = (
					"$(inherited)",
					"@executable_path/Frameworks",
				);
				MARKETING_VERSION = 1;
				PRODUCT_BUNDLE_IDENTIFIER = com.leo.gomes.PediCalc;
				PRODUCT_NAME = "$(TARGET_NAME)";
				SWIFT_VERSION = 5.0;
				TARGETED_DEVICE_FAMILY = 1;
			};
			name = Release;
		};
		73090DC425CCF73E00BAFC44 /* Debug */ = {
			isa = XCBuildConfiguration;
			buildSettings = {
				ALWAYS_EMBED_SWIFT_STANDARD_LIBRARIES = YES;
				CODE_SIGN_STYLE = Automatic;
				DEVELOPMENT_TEAM = 38KM4K4A3R;
				INFOPLIST_FILE = PediCalcUITests/Info.plist;
				LD_RUNPATH_SEARCH_PATHS = (
					"$(inherited)",
					"@executable_path/Frameworks",
					"@loader_path/Frameworks",
				);
				PRODUCT_BUNDLE_IDENTIFIER = com.leo.gomes.PediCalcUITests;
				PRODUCT_NAME = "$(TARGET_NAME)";
				SWIFT_VERSION = 5.0;
				TARGETED_DEVICE_FAMILY = "1,2";
				TEST_TARGET_NAME = PediCalc;
			};
			name = Debug;
		};
		73090DC525CCF73E00BAFC44 /* Release */ = {
			isa = XCBuildConfiguration;
			buildSettings = {
				ALWAYS_EMBED_SWIFT_STANDARD_LIBRARIES = YES;
				CODE_SIGN_STYLE = Automatic;
				DEVELOPMENT_TEAM = 38KM4K4A3R;
				INFOPLIST_FILE = PediCalcUITests/Info.plist;
				LD_RUNPATH_SEARCH_PATHS = (
					"$(inherited)",
					"@executable_path/Frameworks",
					"@loader_path/Frameworks",
				);
				PRODUCT_BUNDLE_IDENTIFIER = com.leo.gomes.PediCalcUITests;
				PRODUCT_NAME = "$(TARGET_NAME)";
				SWIFT_VERSION = 5.0;
				TARGETED_DEVICE_FAMILY = "1,2";
				TEST_TARGET_NAME = PediCalc;
			};
			name = Release;
		};
		737951BF25DD5B13001B1C12 /* Debug */ = {
			isa = XCBuildConfiguration;
			buildSettings = {
				BUNDLE_LOADER = "$(TEST_HOST)";
				CODE_SIGN_STYLE = Automatic;
				DEVELOPMENT_TEAM = 38KM4K4A3R;
				INFOPLIST_FILE = PediCalcTests/Info.plist;
				LD_RUNPATH_SEARCH_PATHS = (
					"$(inherited)",
					"@executable_path/Frameworks",
					"@loader_path/Frameworks",
				);
				PRODUCT_BUNDLE_IDENTIFIER = com.leo.gomes.PediCalcTests;
				PRODUCT_NAME = "$(TARGET_NAME)";
				SWIFT_VERSION = 5.0;
				TARGETED_DEVICE_FAMILY = "1,2";
				TEST_HOST = "$(BUILT_PRODUCTS_DIR)/PediCalc.app/PediCalc";
			};
			name = Debug;
		};
		737951C025DD5B13001B1C12 /* Release */ = {
			isa = XCBuildConfiguration;
			buildSettings = {
				BUNDLE_LOADER = "$(TEST_HOST)";
				CODE_SIGN_STYLE = Automatic;
				DEVELOPMENT_TEAM = 38KM4K4A3R;
				INFOPLIST_FILE = PediCalcTests/Info.plist;
				LD_RUNPATH_SEARCH_PATHS = (
					"$(inherited)",
					"@executable_path/Frameworks",
					"@loader_path/Frameworks",
				);
				PRODUCT_BUNDLE_IDENTIFIER = com.leo.gomes.PediCalcTests;
				PRODUCT_NAME = "$(TARGET_NAME)";
				SWIFT_VERSION = 5.0;
				TARGETED_DEVICE_FAMILY = "1,2";
				TEST_HOST = "$(BUILT_PRODUCTS_DIR)/PediCalc.app/PediCalc";
			};
			name = Release;
		};
/* End XCBuildConfiguration section */

/* Begin XCConfigurationList section */
		73090D8B25CCF73D00BAFC44 /* Build configuration list for PBXProject "PediCalc" */ = {
			isa = XCConfigurationList;
			buildConfigurations = (
				73090DBB25CCF73E00BAFC44 /* Debug */,
				73090DBC25CCF73E00BAFC44 /* Release */,
			);
			defaultConfigurationIsVisible = 0;
			defaultConfigurationName = Release;
		};
		73090DBD25CCF73E00BAFC44 /* Build configuration list for PBXNativeTarget "PediCalc" */ = {
			isa = XCConfigurationList;
			buildConfigurations = (
				73090DBE25CCF73E00BAFC44 /* Debug */,
				73090DBF25CCF73E00BAFC44 /* Release */,
			);
			defaultConfigurationIsVisible = 0;
			defaultConfigurationName = Release;
		};
		73090DC325CCF73E00BAFC44 /* Build configuration list for PBXNativeTarget "PediCalcUITests" */ = {
			isa = XCConfigurationList;
			buildConfigurations = (
				73090DC425CCF73E00BAFC44 /* Debug */,
				73090DC525CCF73E00BAFC44 /* Release */,
			);
			defaultConfigurationIsVisible = 0;
			defaultConfigurationName = Release;
		};
		737951BE25DD5B13001B1C12 /* Build configuration list for PBXNativeTarget "PediCalcTests" */ = {
			isa = XCConfigurationList;
			buildConfigurations = (
				737951BF25DD5B13001B1C12 /* Debug */,
				737951C025DD5B13001B1C12 /* Release */,
			);
			defaultConfigurationIsVisible = 0;
			defaultConfigurationName = Release;
		};
/* End XCConfigurationList section */

/* Begin XCVersionGroup section */
		73090D9C25CCF73D00BAFC44 /* PediCalc.xcdatamodeld */ = {
			isa = XCVersionGroup;
			children = (
				73090D9D25CCF73D00BAFC44 /* PediCalc.xcdatamodel */,
			);
			currentVersion = 73090D9D25CCF73D00BAFC44 /* PediCalc.xcdatamodel */;
			path = PediCalc.xcdatamodeld;
			sourceTree = "<group>";
			versionGroupType = wrapper.xcdatamodel;
		};
/* End XCVersionGroup section */
	};
	rootObject = 73090D8825CCF73D00BAFC44 /* Project object */;
}
